
Microsoft Visual Studio Solution File, Format Version 12.00
# Visual Studio 15
VisualStudioVersion = 15.0.28307.757
MinimumVisualStudioVersion = 10.0.40219.1
Project("{8BC9CEB8-8B4A-11D0-8D11-00A0C91BC942}") = "Code", "BoxMeasure\BoxMeasure.vcxproj", "{34E6AB2F-23CC-4840-8A50-61E7BACACD80}"
EndProject
Project("{FAE04EC0-301F-11D3-BF4B-00C04F79EFBC}") = "App", "App\App.csproj", "{2E01B691-01B5-49CD-BF74-3847AEDDF276}"
EndProject
Project("{54435603-DBB4-11D2-8724-00A0C9A8B90C}") = "Setup", "Setup\Setup.vdproj", "{367EDB0B-3E0D-4F38-8D18-D32B75860BFD}"
EndProject
Global
	GlobalSection(SolutionConfigurationPlatforms) = preSolution
		Debug|Any CPU = Debug|Any CPU
		Debug|x64 = Debug|x64
		Debug|x86 = Debug|x86
		Release|Any CPU = Release|Any CPU
		Release|x64 = Release|x64
		Release|x86 = Release|x86
	EndGlobalSection
	GlobalSection(ProjectConfigurationPlatforms) = postSolution
		{34E6AB2F-23CC-4840-8A50-61E7BACACD80}.Debug|Any CPU.ActiveCfg = Debug|Win32
		{34E6AB2F-23CC-4840-8A50-61E7BACACD80}.Debug|x64.ActiveCfg = Debug|x64
		{34E6AB2F-23CC-4840-8A50-61E7BACACD80}.Debug|x64.Build.0 = Debug|x64
		{34E6AB2F-23CC-4840-8A50-61E7BACACD80}.Debug|x86.ActiveCfg = Debug|Win32
		{34E6AB2F-23CC-4840-8A50-61E7BACACD80}.Debug|x86.Build.0 = Debug|Win32
		{34E6AB2F-23CC-4840-8A50-61E7BACACD80}.Release|Any CPU.ActiveCfg = Release|Win32
		{34E6AB2F-23CC-4840-8A50-61E7BACACD80}.Release|x64.ActiveCfg = Release|x64
		{34E6AB2F-23CC-4840-8A50-61E7BACACD80}.Release|x64.Build.0 = Release|x64
		{34E6AB2F-23CC-4840-8A50-61E7BACACD80}.Release|x86.ActiveCfg = Release|Win32
		{34E6AB2F-23CC-4840-8A50-61E7BACACD80}.Release|x86.Build.0 = Release|Win32
		{2E01B691-01B5-49CD-BF74-3847AEDDF276}.Debug|Any CPU.ActiveCfg = Debug|Any CPU
		{2E01B691-01B5-49CD-BF74-3847AEDDF276}.Debug|Any CPU.Build.0 = Debug|Any CPU
		{2E01B691-01B5-49CD-BF74-3847AEDDF276}.Debug|x64.ActiveCfg = Debug|x64
		{2E01B691-01B5-49CD-BF74-3847AEDDF276}.Debug|x64.Build.0 = Debug|x64
		{2E01B691-01B5-49CD-BF74-3847AEDDF276}.Debug|x86.ActiveCfg = Debug|Any CPU
		{2E01B691-01B5-49CD-BF74-3847AEDDF276}.Debug|x86.Build.0 = Debug|Any CPU
		{2E01B691-01B5-49CD-BF74-3847AEDDF276}.Release|Any CPU.ActiveCfg = Release|Any CPU
		{2E01B691-01B5-49CD-BF74-3847AEDDF276}.Release|Any CPU.Build.0 = Release|Any CPU
		{2E01B691-01B5-49CD-BF74-3847AEDDF276}.Release|x64.ActiveCfg = Release|x64
		{2E01B691-01B5-49CD-BF74-3847AEDDF276}.Release|x64.Build.0 = Release|x64
		{2E01B691-01B5-49CD-BF74-3847AEDDF276}.Release|x86.ActiveCfg = Release|Any CPU
		{2E01B691-01B5-49CD-BF74-3847AEDDF276}.Release|x86.Build.0 = Release|Any CPU
		{367EDB0B-3E0D-4F38-8D18-D32B75860BFD}.Debug|Any CPU.ActiveCfg = Debug
		{367EDB0B-3E0D-4F38-8D18-D32B75860BFD}.Debug|x64.ActiveCfg = Debug
		{367EDB0B-3E0D-4F38-8D18-D32B75860BFD}.Debug|x86.ActiveCfg = Debug
		{367EDB0B-3E0D-4F38-8D18-D32B75860BFD}.Release|Any CPU.ActiveCfg = Release
		{367EDB0B-3E0D-4F38-8D18-D32B75860BFD}.Release|x64.ActiveCfg = Release
		{367EDB0B-3E0D-4F38-8D18-D32B75860BFD}.Release|x86.ActiveCfg = Release
	EndGlobalSection
	GlobalSection(SolutionProperties) = preSolution
		HideSolutionNode = FALSE
	EndGlobalSection
	GlobalSection(ExtensibilityGlobals) = postSolution
		SolutionGuid = {3BD9FE94-58D9-4D2A-AD9F-8F873CCD68E5}
	EndGlobalSection
EndGlobal
